{
  "name": "sudoku-react",
  "version": "1.0.0",
  "lockfileVersion": 1,
  "requires": true,
  "dependencies": {
    "sudoku": {
      "version": "0.0.2",
      "resolved": "https://registry.npmjs.org/sudoku/-/sudoku-0.0.2.tgz",
      "integrity": "sha1-scgpJ/+rwCQ+x2whKCTD8fPmkDQ=",
      "requires": {
        "underscore": "1.1.6"
      }
    },
    "underscore": {
      "version": "1.1.6",
      "resolved": "https://registry.npmjs.org/underscore/-/underscore-1.1.6.tgz",
      "integrity": "sha1-aGjaG91y11KFvgtOUPIo5w0AGiw="
    }
  }
}
